// !$*UTF8*$!
{
	archiveVersion = 1;
	classes = {
	};
	objectVersion = 46;
	objects = {

/* Begin PBXBuildFile section */
		430CEEA71C24D23800EDEDB8 /* main.cpp in Sources */ = {isa = PBXBuildFile; fileRef = 430CEEA61C24D23800EDEDB8 /* main.cpp */; };
		430CEEAF1C24D30100EDEDB8 /* util.cpp in Sources */ = {isa = PBXBuildFile; fileRef = 430CEEAD1C24D30100EDEDB8 /* util.cpp */; };
		430CEEB51C24D4A000EDEDB8 /* game.cpp in Sources */ = {isa = PBXBuildFile; fileRef = 430CEEB31C24D4A000EDEDB8 /* game.cpp */; };
		43C86C831C2BBE89003B2BA3 /* libncurses.5.4.tbd in Frameworks */ = {isa = PBXBuildFile; fileRef = 43C86C821C2BBE89003B2BA3 /* libncurses.5.4.tbd */; };
/* End PBXBuildFile section */

/* Begin PBXCopyFilesBuildPhase section */
		430CEEA11C24D23800EDEDB8 /* CopyFiles */ = {
			isa = PBXCopyFilesBuildPhase;
			buildActionMask = 2147483647;
			dstPath = /usr/share/man/man1/;
			dstSubfolderSpec = 0;
			files = (
			);
			runOnlyForDeploymentPostprocessing = 1;
		};
/* End PBXCopyFilesBuildPhase section */

/* Begin PBXFileReference section */
		430CEEA31C24D23800EDEDB8 /* 2048 */ = {isa = PBXFileReference; explicitFileType = "compiled.mach-o.executable"; includeInIndex = 0; path = 2048; sourceTree = BUILT_PRODUCTS_DIR; };
		430CEEA61C24D23800EDEDB8 /* main.cpp */ = {isa = PBXFileReference; lastKnownFileType = sourcecode.cpp.cpp; path = main.cpp; sourceTree = "<group>"; };
		430CEEAD1C24D30100EDEDB8 /* util.cpp */ = {isa = PBXFileReference; fileEncoding = 4; lastKnownFileType = sourcecode.cpp.cpp; path = util.cpp; sourceTree = "<group>"; };
		430CEEAE1C24D30100EDEDB8 /* util.h */ = {isa = PBXFileReference; fileEncoding = 4; lastKnownFileType = sourcecode.c.h; path = util.h; sourceTree = "<group>"; };
		430CEEB31C24D4A000EDEDB8 /* game.cpp */ = {isa = PBXFileReference; fileEncoding = 4; lastKnownFileType = sourcecode.cpp.cpp; path = game.cpp; sourceTree = "<group>"; };
		430CEEB41C24D4A000EDEDB8 /* game.hpp */ = {isa = PBXFileReference; fileEncoding = 4; lastKnownFileType = sourcecode.cpp.h; path = game.hpp; sourceTree = "<group>"; };
		43C86C821C2BBE89003B2BA3 /* libncurses.5.4.tbd */ = {isa = PBXFileReference; lastKnownFileType = "sourcecode.text-based-dylib-definition"; name = libncurses.5.4.tbd; path = usr/lib/libncurses.5.4.tbd; sourceTree = SDKROOT; };
/* End PBXFileReference section */

/* Begin PBXFrameworksBuildPhase section */
		430CEEA01C24D23800EDEDB8 /* Frameworks */ = {
			isa = PBXFrameworksBuildPhase;
			buildActionMask = 2147483647;
			files = (
				43C86C831C2BBE89003B2BA3 /* libncurses.5.4.tbd in Frameworks */,
			);
			runOnlyForDeploymentPostprocessing = 0;
		};
/* End PBXFrameworksBuildPhase section */

/* Begin PBXGroup section */
		430CEE9A1C24D23800EDEDB8 = {
			isa = PBXGroup;
			children = (
				43C86C821C2BBE89003B2BA3 /* libncurses.5.4.tbd */,
				430CEEA51C24D23800EDEDB8 /* 2048 */,
				430CEEA41C24D23800EDEDB8 /* Products */,
			);
			sourceTree = "<group>";
		};
		430CEEA41C24D23800EDEDB8 /* Products */ = {
			isa = PBXGroup;
			children = (
				430CEEA31C24D23800EDEDB8 /* 2048 */,
			);
			name = Products;
			sourceTree = "<group>";
		};
		430CEEA51C24D23800EDEDB8 /* 2048 */ = {
			isa = PBXGroup;
			children = (
				430CEEA61C24D23800EDEDB8 /* main.cpp */,
				430CEEB31C24D4A000EDEDB8 /* game.cpp */,
				430CEEB41C24D4A000EDEDB8 /* game.hpp */,
				430CEEAD1C24D30100EDEDB8 /* util.cpp */,
				430CEEAE1C24D30100EDEDB8 /* util.h */,
			);
			path = 2048;
			sourceTree = "<group>";
		};
/* End PBXGroup section */

/* Begin PBXNativeTarget section */
		430CEEA21C24D23800EDEDB8 /* 2048 */ = {
			isa = PBXNativeTarget;
			buildConfigurationList = 430CEEAA1C24D23800EDEDB8 /* Build configuration list for PBXNativeTarget "2048" */;
			buildPhases = (
				430CEE9F1C24D23800EDEDB8 /* Sources */,
				430CEEA01C24D23800EDEDB8 /* Frameworks */,
				430CEEA11C24D23800EDEDB8 /* CopyFiles */,
			);
			buildRules = (
			);
			dependencies = (
			);
			name = 2048;
			productName = 2048;
			productReference = 430CEEA31C24D23800EDEDB8 /* 2048 */;
			productType = "com.apple.product-type.tool";
		};
/* End PBXNativeTarget section */

/* Begin PBXProject section */
		430CEE9B1C24D23800EDEDB8 /* Project object */ = {
			isa = PBXProject;
			attributes = {
				LastUpgradeCheck = 0710;
				ORGANIZATIONNAME = Jason;
				TargetAttributes = {
					430CEEA21C24D23800EDEDB8 = {
						CreatedOnToolsVersion = 7.1.1;
					};
				};
			};
			buildConfigurationList = 430CEE9E1C24D23800EDEDB8 /* Build configuration list for PBXProject "2048" */;
			compatibilityVersion = "Xcode 3.2";
			developmentRegion = English;
			hasScannedForEncodings = 0;
			knownRegions = (
				en,
			);
			mainGroup = 430CEE9A1C24D23800EDEDB8;
			productRefGroup = 430CEEA41C24D23800EDEDB8 /* Products */;
			projectDirPath = "";
			projectRoot = "";
			targets = (
				430CEEA21C24D23800EDEDB8 /* 2048 */,
			);
		};
/* End PBXProject section */

/* Begin PBXSourcesBuildPhase section */
		430CEE9F1C24D23800EDEDB8 /* Sources */ = {
			isa = PBXSourcesBuildPhase;
			buildActionMask = 2147483647;
			files = (
				430CEEA71C24D23800EDEDB8 /* main.cpp in Sources */,
				430CEEAF1C24D30100EDEDB8 /* util.cpp in Sources */,
				430CEEB51C24D4A000EDEDB8 /* game.cpp in Sources */,
			);
			runOnlyForDeploymentPostprocessing = 0;
		};
/* End PBXSourcesBuildPhase section */

/* Begin XCBuildConfiguration section */
		430CEEA81C24D23800EDEDB8 /* Debug */ = {
			isa = XCBuildConfiguration;
			buildSettings = {
				ALWAYS_SEARCH_USER_PATHS = NO;
				CLANG_CXX_LANGUAGE_STANDARD = "gnu++0x";
				CLANG_CXX_LIBRARY = "libc++";
				CLANG_ENABLE_MODULES = YES;
				CLANG_ENABLE_OBJC_ARC = YES;
				CLANG_WARN_BOOL_CONVERSION = YES;
				CLANG_WARN_CONSTANT_CONVERSION = YES;
				CLANG_WARN_DIRECT_OBJC_ISA_USAGE = YES_ERROR;
				CLANG_WARN_EMPTY_BODY = YES;
				CLANG_WARN_ENUM_CONVERSION = YES;
				CLANG_WARN_INT_CONVERSION = YES;
				CLANG_WARN_OBJC_ROOT_CLASS = YES_ERROR;
				CLANG_WARN_UNREACHABLE_CODE = YES;
				CLANG_WARN__DUPLICATE_METHOD_MATCH = YES;
				CODE_SIGN_IDENTITY = "-";
				COPY_PHASE_STRIP = NO;
				DEBUG_INFORMATION_FORMAT = dwarf;
				ENABLE_STRICT_OBJC_MSGSEND = YES;
				ENABLE_TESTABILITY = YES;
				GCC_C_LANGUAGE_STANDARD = gnu99;
				GCC_DYNAMIC_NO_PIC = NO;
				GCC_NO_COMMON_BLOCKS = YES;
				GCC_OPTIMIZATION_LEVEL = 0;
				GCC_PREPROCESSOR_DEFINITIONS = (
					"DEBUG=1",
					"$(inherited)",
				);
				GCC_WARN_64_TO_32_BIT_CONVERSION = YES;
				GCC_WARN_ABOUT_RETURN_TYPE = YES_ERROR;
				GCC_WARN_UNDECLARED_SELECTOR = YES;
				GCC_WARN_UNINITIALIZED_AUTOS = YES_AGGRESSIVE;
				GCC_WARN_UNUSED_FUNCTION = YES;
				GCC_WARN_UNUSED_VARIABLE = YES;
				MACOSX_DEPLOYMENT_TARGET = 10.10;
				MTL_ENABLE_DEBUG_INFO = YES;
				ONLY_ACTIVE_ARCH = YES;
				SDKROOT = macosx;
			};
			name = Debug;
		};
		430CEEA91C24D23800EDEDB8 /* Release */ = {
			isa = XCBuildConfiguration;
			buildSettings = {
				ALWAYS_SEARCH_USER_PATHS = NO;
				CLANG_CXX_LANGUAGE_STANDARD = "gnu++0x";
				CLANG_CXX_LIBRARY = "libc++";
				CLANG_ENABLE_MODULES = YES;
				CLANG_ENABLE_OBJC_ARC = YES;
				CLANG_WARN_BOOL_CONVERSION = YES;
				CLANG_WARN_CONSTANT_CONVERSION = YES;
				CLANG_WARN_DIRECT_OBJC_ISA_USAGE = YES_ERROR;
				CLANG_WARN_EMPTY_BODY = YES;
				CLANG_WARN_ENUM_CONVERSION = YES;
				CLANG_WARN_INT_CONVERSION = YES;
				CLANG_WARN_OBJC_ROOT_CLASS = YES_ERROR;
				CLANG_WARN_UNREACHABLE_CODE = YES;
				CLANG_WARN__DUPLICATE_METHOD_MATCH = YES;
				CODE_SIGN_IDENTITY = "-";
				COPY_PHASE_STRIP = NO;
				DEBUG_INFORMATION_FORMAT = "dwarf-with-dsym";
				ENABLE_NS_ASSERTIONS = NO;
				ENABLE_STRICT_OBJC_MSGSEND = YES;
				GCC_C_LANGUAGE_STANDARD = gnu99;
				GCC_NO_COMMON_BLOCKS = YES;
				GCC_WARN_64_TO_32_BIT_CONVERSION = YES;
				GCC_WARN_ABOUT_RETURN_TYPE = YES_ERROR;
				GCC_WARN_UNDECLARED_SELECTOR = YES;
				GCC_WARN_UNINITIALIZED_AUTOS = YES_AGGRESSIVE;
				GCC_WARN_UNUSED_FUNCTION = YES;
				GCC_WARN_UNUSED_VARIABLE = YES;
				MACOSX_DEPLOYMENT_TARGET = 10.10;
				MTL_ENABLE_DEBUG_INFO = NO;
				SDKROOT = macosx;
			};
			name = Release;
		};
		430CEEAB1C24D23800EDEDB8 /* Debug */ = {
			isa = XCBuildConfiguration;
			buildSettings = {
				PRODUCT_NAME = "$(TARGET_NAME)";
			};
			name = Debug;
		};
		430CEEAC1C24D23800EDEDB8 /* Release */ = {
			isa = XCBuildConfiguration;
			buildSettings = {
				PRODUCT_NAME = "$(TARGET_NAME)";
			};
			name = Release;
		};
/* End XCBuildConfiguration section */

/* Begin XCConfigurationList section */
		430CEE9E1C24D23800EDEDB8 /* Build configuration list for PBXProject "2048" */ = {
			isa = XCConfigurationList;
			buildConfigurations = (
				430CEEA81C24D23800EDEDB8 /* Debug */,
				430CEEA91C24D23800EDEDB8 /* Release */,
			);
			defaultConfigurationIsVisible = 0;
			defaultConfigurationName = Release;
		};
		430CEEAA1C24D23800EDEDB8 /* Build configuration list for PBXNativeTarget "2048" */ = {
			isa = XCConfigurationList;
			buildConfigurations = (
				430CEEAB1C24D23800EDEDB8 /* Debug */,
				430CEEAC1C24D23800EDEDB8 /* Release */,
			);
			defaultConfigurationIsVisible = 0;
			defaultConfigurationName = Release;
		};
/* End XCConfigurationList section */
	};
	rootObject = 430CEE9B1C24D23800EDEDB8 /* Project object */;
}
